
Microsoft Visual Studio Solution File, Format Version 12.00
# Visual Studio 2012
Project("{FAE04EC0-301F-11D3-BF4B-00C04F79EFBC}") = "MvcApplication1", "MvcApplication1\MvcApplication1.csproj", "{FF07A9BC-2CB3-4468-838F-8638CFC9C4AE}"
EndProject
Project("{FAE04EC0-301F-11D3-BF4B-00C04F79EFBC}") = "MvcApplication1.Tests", "MvcApplication1.Tests\MvcApplication1.Tests.csproj", "{7F495054-1AD7-48CC-84D6-C8D42C4DBC4D}"
EndProject
Global
	GlobalSection(SolutionConfigurationPlatforms) = preSolution
		Debug|Any CPU = Debug|Any CPU
		Release|Any CPU = Release|Any CPU
	EndGlobalSection
	GlobalSection(ProjectConfigurationPlatforms) = postSolution
		{FF07A9BC-2CB3-4468-838F-8638CFC9C4AE}.Debug|Any CPU.ActiveCfg = Debug|Any CPU
		{FF07A9BC-2CB3-4468-838F-8638CFC9C4AE}.Debug|Any CPU.Build.0 = Debug|Any CPU
		{FF07A9BC-2CB3-4468-838F-8638CFC9C4AE}.Release|Any CPU.ActiveCfg = Release|Any CPU
		{FF07A9BC-2CB3-4468-838F-8638CFC9C4AE}.Release|Any CPU.Build.0 = Release|Any CPU
		{7F495054-1AD7-48CC-84D6-C8D42C4DBC4D}.Debug|Any CPU.ActiveCfg = Debug|Any CPU
		{7F495054-1AD7-48CC-84D6-C8D42C4DBC4D}.Debug|Any CPU.Build.0 = Debug|Any CPU
		{7F495054-1AD7-48CC-84D6-C8D42C4DBC4D}.Release|Any CPU.ActiveCfg = Release|Any CPU
		{7F495054-1AD7-48CC-84D6-C8D42C4DBC4D}.Release|Any CPU.Build.0 = Release|Any CPU
	EndGlobalSection
	GlobalSection(SolutionProperties) = preSolution
		HideSolutionNode = FALSE
	EndGlobalSection
EndGlobal
